
Microsoft Visual Studio Solution File, Format Version 12.00
# Visual Studio 15
VisualStudioVersion = 15.0.28010.2016
MinimumVisualStudioVersion = 10.0.40219.1
Project("{FAE04EC0-301F-11D3-BF4B-00C04F79EFBC}") = "Bazinga.Android", "Bazinga\Bazinga.Android\Bazinga.Android.csproj", "{194FCC4B-90EA-4083-9AD0-F123E59FAF79}"
EndProject
Project("{FAE04EC0-301F-11D3-BF4B-00C04F79EFBC}") = "Bazinga.iOS", "Bazinga\Bazinga.iOS\Bazinga.iOS.csproj", "{644F7717-5C90-4C97-A44E-2A9825B50474}"
EndProject
Project("{FAE04EC0-301F-11D3-BF4B-00C04F79EFBC}") = "Bazinga.UWP", "Bazinga\Bazinga.UWP\Bazinga.UWP.csproj", "{49A07165-3841-41AE-A6E9-DE35CADACF4E}"
EndProject
Project("{FAE04EC0-301F-11D3-BF4B-00C04F79EFBC}") = "Bazinga.MobileAppService", "Bazinga\Bazinga.MobileAppService\Bazinga.MobileAppService.csproj", "{E42AE103-39A4-4452-A7FC-C30662854BAE}"
EndProject
Project("{FAE04EC0-301F-11D3-BF4B-00C04F79EFBC}") = "Bazinga", "Bazinga\Bazinga\Bazinga.csproj", "{17C3DD2F-5D08-4023-84E4-02B278347D59}"
EndProject
Global
	GlobalSection(SolutionConfigurationPlatforms) = preSolution
		Debug|Any CPU = Debug|Any CPU
		Debug|ARM = Debug|ARM
		Debug|iPhone = Debug|iPhone
		Debug|iPhoneSimulator = Debug|iPhoneSimulator
		Debug|x64 = Debug|x64
		Debug|x86 = Debug|x86
		Release|Any CPU = Release|Any CPU
		Release|ARM = Release|ARM
		Release|iPhone = Release|iPhone
		Release|iPhoneSimulator = Release|iPhoneSimulator
		Release|x64 = Release|x64
		Release|x86 = Release|x86
	EndGlobalSection
	GlobalSection(ProjectConfigurationPlatforms) = postSolution
		{194FCC4B-90EA-4083-9AD0-F123E59FAF79}.Debug|Any CPU.ActiveCfg = Debug|Any CPU
		{194FCC4B-90EA-4083-9AD0-F123E59FAF79}.Debug|Any CPU.Build.0 = Debug|Any CPU
		{194FCC4B-90EA-4083-9AD0-F123E59FAF79}.Debug|Any CPU.Deploy.0 = Debug|Any CPU
		{194FCC4B-90EA-4083-9AD0-F123E59FAF79}.Debug|ARM.ActiveCfg = Debug|Any CPU
		{194FCC4B-90EA-4083-9AD0-F123E59FAF79}.Debug|ARM.Build.0 = Debug|Any CPU
		{194FCC4B-90EA-4083-9AD0-F123E59FAF79}.Debug|ARM.Deploy.0 = Debug|Any CPU
		{194FCC4B-90EA-4083-9AD0-F123E59FAF79}.Debug|iPhone.ActiveCfg = Debug|Any CPU
		{194FCC4B-90EA-4083-9AD0-F123E59FAF79}.Debug|iPhone.Build.0 = Debug|Any CPU
		{194FCC4B-90EA-4083-9AD0-F123E59FAF79}.Debug|iPhone.Deploy.0 = Debug|Any CPU
		{194FCC4B-90EA-4083-9AD0-F123E59FAF79}.Debug|iPhoneSimulator.ActiveCfg = Debug|Any CPU
		{194FCC4B-90EA-4083-9AD0-F123E59FAF79}.Debug|iPhoneSimulator.Build.0 = Debug|Any CPU
		{194FCC4B-90EA-4083-9AD0-F123E59FAF79}.Debug|iPhoneSimulator.Deploy.0 = Debug|Any CPU
		{194FCC4B-90EA-4083-9AD0-F123E59FAF79}.Debug|x64.ActiveCfg = Debug|Any CPU
		{194FCC4B-90EA-4083-9AD0-F123E59FAF79}.Debug|x64.Build.0 = Debug|Any CPU
		{194FCC4B-90EA-4083-9AD0-F123E59FAF79}.Debug|x64.Deploy.0 = Debug|Any CPU
		{194FCC4B-90EA-4083-9AD0-F123E59FAF79}.Debug|x86.ActiveCfg = Debug|Any CPU
		{194FCC4B-90EA-4083-9AD0-F123E59FAF79}.Debug|x86.Build.0 = Debug|Any CPU
		{194FCC4B-90EA-4083-9AD0-F123E59FAF79}.Debug|x86.Deploy.0 = Debug|Any CPU
		{194FCC4B-90EA-4083-9AD0-F123E59FAF79}.Release|Any CPU.ActiveCfg = Release|Any CPU
		{194FCC4B-90EA-4083-9AD0-F123E59FAF79}.Release|Any CPU.Build.0 = Release|Any CPU
		{194FCC4B-90EA-4083-9AD0-F123E59FAF79}.Release|Any CPU.Deploy.0 = Release|Any CPU
		{194FCC4B-90EA-4083-9AD0-F123E59FAF79}.Release|ARM.ActiveCfg = Release|Any CPU
		{194FCC4B-90EA-4083-9AD0-F123E59FAF79}.Release|ARM.Build.0 = Release|Any CPU
		{194FCC4B-90EA-4083-9AD0-F123E59FAF79}.Release|ARM.Deploy.0 = Release|Any CPU
		{194FCC4B-90EA-4083-9AD0-F123E59FAF79}.Release|iPhone.ActiveCfg = Release|Any CPU
		{194FCC4B-90EA-4083-9AD0-F123E59FAF79}.Release|iPhone.Build.0 = Release|Any CPU
		{194FCC4B-90EA-4083-9AD0-F123E59FAF79}.Release|iPhone.Deploy.0 = Release|Any CPU
		{194FCC4B-90EA-4083-9AD0-F123E59FAF79}.Release|iPhoneSimulator.ActiveCfg = Release|Any CPU
		{194FCC4B-90EA-4083-9AD0-F123E59FAF79}.Release|iPhoneSimulator.Build.0 = Release|Any CPU
		{194FCC4B-90EA-4083-9AD0-F123E59FAF79}.Release|iPhoneSimulator.Deploy.0 = Release|Any CPU
		{194FCC4B-90EA-4083-9AD0-F123E59FAF79}.Release|x64.ActiveCfg = Release|Any CPU
		{194FCC4B-90EA-4083-9AD0-F123E59FAF79}.Release|x64.Build.0 = Release|Any CPU
		{194FCC4B-90EA-4083-9AD0-F123E59FAF79}.Release|x64.Deploy.0 = Release|Any CPU
		{194FCC4B-90EA-4083-9AD0-F123E59FAF79}.Release|x86.ActiveCfg = Release|Any CPU
		{194FCC4B-90EA-4083-9AD0-F123E59FAF79}.Release|x86.Build.0 = Release|Any CPU
		{194FCC4B-90EA-4083-9AD0-F123E59FAF79}.Release|x86.Deploy.0 = Release|Any CPU
		{644F7717-5C90-4C97-A44E-2A9825B50474}.Debug|Any CPU.ActiveCfg = Debug|iPhoneSimulator
		{644F7717-5C90-4C97-A44E-2A9825B50474}.Debug|Any CPU.Build.0 = Debug|iPhoneSimulator
		{644F7717-5C90-4C97-A44E-2A9825B50474}.Debug|Any CPU.Deploy.0 = Debug|iPhoneSimulator
		{644F7717-5C90-4C97-A44E-2A9825B50474}.Debug|ARM.ActiveCfg = Debug|iPhone
		{644F7717-5C90-4C97-A44E-2A9825B50474}.Debug|ARM.Build.0 = Debug|iPhone
		{644F7717-5C90-4C97-A44E-2A9825B50474}.Debug|ARM.Deploy.0 = Debug|iPhone
		{644F7717-5C90-4C97-A44E-2A9825B50474}.Debug|iPhone.ActiveCfg = Debug|iPhone
		{644F7717-5C90-4C97-A44E-2A9825B50474}.Debug|iPhone.Build.0 = Debug|iPhone
		{644F7717-5C90-4C97-A44E-2A9825B50474}.Debug|iPhone.Deploy.0 = Debug|iPhone
		{644F7717-5C90-4C97-A44E-2A9825B50474}.Debug|iPhoneSimulator.ActiveCfg = Debug|iPhoneSimulator
		{644F7717-5C90-4C97-A44E-2A9825B50474}.Debug|iPhoneSimulator.Build.0 = Debug|iPhoneSimulator
		{644F7717-5C90-4C97-A44E-2A9825B50474}.Debug|iPhoneSimulator.Deploy.0 = Debug|iPhoneSimulator
		{644F7717-5C90-4C97-A44E-2A9825B50474}.Debug|x64.ActiveCfg = Debug|iPhone
		{644F7717-5C90-4C97-A44E-2A9825B50474}.Debug|x64.Build.0 = Debug|iPhone
		{644F7717-5C90-4C97-A44E-2A9825B50474}.Debug|x64.Deploy.0 = Debug|iPhone
		{644F7717-5C90-4C97-A44E-2A9825B50474}.Debug|x86.ActiveCfg = Debug|iPhone
		{644F7717-5C90-4C97-A44E-2A9825B50474}.Debug|x86.Build.0 = Debug|iPhone
		{644F7717-5C90-4C97-A44E-2A9825B50474}.Debug|x86.Deploy.0 = Debug|iPhone
		{644F7717-5C90-4C97-A44E-2A9825B50474}.Release|Any CPU.ActiveCfg = Release|iPhone
		{644F7717-5C90-4C97-A44E-2A9825B50474}.Release|Any CPU.Build.0 = Release|iPhone
		{644F7717-5C90-4C97-A44E-2A9825B50474}.Release|Any CPU.Deploy.0 = Release|iPhone
		{644F7717-5C90-4C97-A44E-2A9825B50474}.Release|ARM.ActiveCfg = Release|iPhone
		{644F7717-5C90-4C97-A44E-2A9825B50474}.Release|ARM.Build.0 = Release|iPhone
		{644F7717-5C90-4C97-A44E-2A9825B50474}.Release|ARM.Deploy.0 = Release|iPhone
		{644F7717-5C90-4C97-A44E-2A9825B50474}.Release|iPhone.ActiveCfg = Release|iPhone
		{644F7717-5C90-4C97-A44E-2A9825B50474}.Release|iPhone.Build.0 = Release|iPhone
		{644F7717-5C90-4C97-A44E-2A9825B50474}.Release|iPhone.Deploy.0 = Release|iPhone
		{644F7717-5C90-4C97-A44E-2A9825B50474}.Release|iPhoneSimulator.ActiveCfg = Release|iPhoneSimulator
		{644F7717-5C90-4C97-A44E-2A9825B50474}.Release|iPhoneSimulator.Build.0 = Release|iPhoneSimulator
		{644F7717-5C90-4C97-A44E-2A9825B50474}.Release|iPhoneSimulator.Deploy.0 = Release|iPhoneSimulator
		{644F7717-5C90-4C97-A44E-2A9825B50474}.Release|x64.ActiveCfg = Release|iPhone
		{644F7717-5C90-4C97-A44E-2A9825B50474}.Release|x64.Build.0 = Release|iPhone
		{644F7717-5C90-4C97-A44E-2A9825B50474}.Release|x64.Deploy.0 = Release|iPhone
		{644F7717-5C90-4C97-A44E-2A9825B50474}.Release|x86.ActiveCfg = Release|iPhone
		{644F7717-5C90-4C97-A44E-2A9825B50474}.Release|x86.Build.0 = Release|iPhone
		{644F7717-5C90-4C97-A44E-2A9825B50474}.Release|x86.Deploy.0 = Release|iPhone
		{49A07165-3841-41AE-A6E9-DE35CADACF4E}.Debug|Any CPU.ActiveCfg = Debug|x86
		{49A07165-3841-41AE-A6E9-DE35CADACF4E}.Debug|Any CPU.Build.0 = Debug|x86
		{49A07165-3841-41AE-A6E9-DE35CADACF4E}.Debug|Any CPU.Deploy.0 = Debug|x86
		{49A07165-3841-41AE-A6E9-DE35CADACF4E}.Debug|ARM.ActiveCfg = Debug|ARM
		{49A07165-3841-41AE-A6E9-DE35CADACF4E}.Debug|ARM.Build.0 = Debug|ARM
		{49A07165-3841-41AE-A6E9-DE35CADACF4E}.Debug|ARM.Deploy.0 = Debug|ARM
		{49A07165-3841-41AE-A6E9-DE35CADACF4E}.Debug|iPhone.ActiveCfg = Debug|x86
		{49A07165-3841-41AE-A6E9-DE35CADACF4E}.Debug|iPhone.Build.0 = Debug|x86
		{49A07165-3841-41AE-A6E9-DE35CADACF4E}.Debug|iPhone.Deploy.0 = Debug|x86
		{49A07165-3841-41AE-A6E9-DE35CADACF4E}.Debug|iPhoneSimulator.ActiveCfg = Debug|x86
		{49A07165-3841-41AE-A6E9-DE35CADACF4E}.Debug|iPhoneSimulator.Build.0 = Debug|x86
		{49A07165-3841-41AE-A6E9-DE35CADACF4E}.Debug|iPhoneSimulator.Deploy.0 = Debug|x86
		{49A07165-3841-41AE-A6E9-DE35CADACF4E}.Debug|x64.ActiveCfg = Debug|x64
		{49A07165-3841-41AE-A6E9-DE35CADACF4E}.Debug|x64.Build.0 = Debug|x64
		{49A07165-3841-41AE-A6E9-DE35CADACF4E}.Debug|x64.Deploy.0 = Debug|x64
		{49A07165-3841-41AE-A6E9-DE35CADACF4E}.Debug|x86.ActiveCfg = Debug|x86
		{49A07165-3841-41AE-A6E9-DE35CADACF4E}.Debug|x86.Build.0 = Debug|x86
		{49A07165-3841-41AE-A6E9-DE35CADACF4E}.Debug|x86.Deploy.0 = Debug|x86
		{49A07165-3841-41AE-A6E9-DE35CADACF4E}.Release|Any CPU.ActiveCfg = Release|x86
		{49A07165-3841-41AE-A6E9-DE35CADACF4E}.Release|Any CPU.Build.0 = Release|x86
		{49A07165-3841-41AE-A6E9-DE35CADACF4E}.Release|Any CPU.Deploy.0 = Release|x86
		{49A07165-3841-41AE-A6E9-DE35CADACF4E}.Release|ARM.ActiveCfg = Release|ARM
		{49A07165-3841-41AE-A6E9-DE35CADACF4E}.Release|ARM.Build.0 = Release|ARM
		{49A07165-3841-41AE-A6E9-DE35CADACF4E}.Release|ARM.Deploy.0 = Release|ARM
		{49A07165-3841-41AE-A6E9-DE35CADACF4E}.Release|iPhone.ActiveCfg = Release|x86
		{49A07165-3841-41AE-A6E9-DE35CADACF4E}.Release|iPhone.Build.0 = Release|x86
		{49A07165-3841-41AE-A6E9-DE35CADACF4E}.Release|iPhone.Deploy.0 = Release|x86
		{49A07165-3841-41AE-A6E9-DE35CADACF4E}.Release|iPhoneSimulator.ActiveCfg = Release|x86
		{49A07165-3841-41AE-A6E9-DE35CADACF4E}.Release|iPhoneSimulator.Build.0 = Release|x86
		{49A07165-3841-41AE-A6E9-DE35CADACF4E}.Release|iPhoneSimulator.Deploy.0 = Release|x86
		{49A07165-3841-41AE-A6E9-DE35CADACF4E}.Release|x64.ActiveCfg = Release|x64
		{49A07165-3841-41AE-A6E9-DE35CADACF4E}.Release|x64.Build.0 = Release|x64
		{49A07165-3841-41AE-A6E9-DE35CADACF4E}.Release|x64.Deploy.0 = Release|x64
		{49A07165-3841-41AE-A6E9-DE35CADACF4E}.Release|x86.ActiveCfg = Release|x86
		{49A07165-3841-41AE-A6E9-DE35CADACF4E}.Release|x86.Build.0 = Release|x86
		{49A07165-3841-41AE-A6E9-DE35CADACF4E}.Release|x86.Deploy.0 = Release|x86
		{E42AE103-39A4-4452-A7FC-C30662854BAE}.Debug|Any CPU.ActiveCfg = Debug|Any CPU
		{E42AE103-39A4-4452-A7FC-C30662854BAE}.Debug|Any CPU.Build.0 = Debug|Any CPU
		{E42AE103-39A4-4452-A7FC-C30662854BAE}.Debug|Any CPU.Deploy.0 = Debug|Any CPU
		{E42AE103-39A4-4452-A7FC-C30662854BAE}.Debug|ARM.ActiveCfg = Debug|Any CPU
		{E42AE103-39A4-4452-A7FC-C30662854BAE}.Debug|ARM.Build.0 = Debug|Any CPU
		{E42AE103-39A4-4452-A7FC-C30662854BAE}.Debug|ARM.Deploy.0 = Debug|Any CPU
		{E42AE103-39A4-4452-A7FC-C30662854BAE}.Debug|iPhone.ActiveCfg = Debug|Any CPU
		{E42AE103-39A4-4452-A7FC-C30662854BAE}.Debug|iPhone.Build.0 = Debug|Any CPU
		{E42AE103-39A4-4452-A7FC-C30662854BAE}.Debug|iPhone.Deploy.0 = Debug|Any CPU
		{E42AE103-39A4-4452-A7FC-C30662854BAE}.Debug|iPhoneSimulator.ActiveCfg = Debug|Any CPU
		{E42AE103-39A4-4452-A7FC-C30662854BAE}.Debug|iPhoneSimulator.Build.0 = Debug|Any CPU
		{E42AE103-39A4-4452-A7FC-C30662854BAE}.Debug|iPhoneSimulator.Deploy.0 = Debug|Any CPU
		{E42AE103-39A4-4452-A7FC-C30662854BAE}.Debug|x64.ActiveCfg = Debug|Any CPU
		{E42AE103-39A4-4452-A7FC-C30662854BAE}.Debug|x64.Build.0 = Debug|Any CPU
		{E42AE103-39A4-4452-A7FC-C30662854BAE}.Debug|x64.Deploy.0 = Debug|Any CPU
		{E42AE103-39A4-4452-A7FC-C30662854BAE}.Debug|x86.ActiveCfg = Debug|Any CPU
		{E42AE103-39A4-4452-A7FC-C30662854BAE}.Debug|x86.Build.0 = Debug|Any CPU
		{E42AE103-39A4-4452-A7FC-C30662854BAE}.Debug|x86.Deploy.0 = Debug|Any CPU
		{E42AE103-39A4-4452-A7FC-C30662854BAE}.Release|Any CPU.ActiveCfg = Release|Any CPU
		{E42AE103-39A4-4452-A7FC-C30662854BAE}.Release|Any CPU.Build.0 = Release|Any CPU
		{E42AE103-39A4-4452-A7FC-C30662854BAE}.Release|Any CPU.Deploy.0 = Release|Any CPU
		{E42AE103-39A4-4452-A7FC-C30662854BAE}.Release|ARM.ActiveCfg = Release|Any CPU
		{E42AE103-39A4-4452-A7FC-C30662854BAE}.Release|ARM.Build.0 = Release|Any CPU
		{E42AE103-39A4-4452-A7FC-C30662854BAE}.Release|ARM.Deploy.0 = Release|Any CPU
		{E42AE103-39A4-4452-A7FC-C30662854BAE}.Release|iPhone.ActiveCfg = Release|Any CPU
		{E42AE103-39A4-4452-A7FC-C30662854BAE}.Release|iPhone.Build.0 = Release|Any CPU
		{E42AE103-39A4-4452-A7FC-C30662854BAE}.Release|iPhone.Deploy.0 = Release|Any CPU
		{E42AE103-39A4-4452-A7FC-C30662854BAE}.Release|iPhoneSimulator.ActiveCfg = Release|Any CPU
		{E42AE103-39A4-4452-A7FC-C30662854BAE}.Release|iPhoneSimulator.Build.0 = Release|Any CPU
		{E42AE103-39A4-4452-A7FC-C30662854BAE}.Release|iPhoneSimulator.Deploy.0 = Release|Any CPU
		{E42AE103-39A4-4452-A7FC-C30662854BAE}.Release|x64.ActiveCfg = Release|Any CPU
		{E42AE103-39A4-4452-A7FC-C30662854BAE}.Release|x64.Build.0 = Release|Any CPU
		{E42AE103-39A4-4452-A7FC-C30662854BAE}.Release|x64.Deploy.0 = Release|Any CPU
		{E42AE103-39A4-4452-A7FC-C30662854BAE}.Release|x86.ActiveCfg = Release|Any CPU
		{E42AE103-39A4-4452-A7FC-C30662854BAE}.Release|x86.Build.0 = Release|Any CPU
		{E42AE103-39A4-4452-A7FC-C30662854BAE}.Release|x86.Deploy.0 = Release|Any CPU
		{17C3DD2F-5D08-4023-84E4-02B278347D59}.Debug|Any CPU.ActiveCfg = Debug|Any CPU
		{17C3DD2F-5D08-4023-84E4-02B278347D59}.Debug|Any CPU.Build.0 = Debug|Any CPU
		{17C3DD2F-5D08-4023-84E4-02B278347D59}.Debug|Any CPU.Deploy.0 = Debug|Any CPU
		{17C3DD2F-5D08-4023-84E4-02B278347D59}.Debug|ARM.ActiveCfg = Debug|Any CPU
		{17C3DD2F-5D08-4023-84E4-02B278347D59}.Debug|ARM.Build.0 = Debug|Any CPU
		{17C3DD2F-5D08-4023-84E4-02B278347D59}.Debug|ARM.Deploy.0 = Debug|Any CPU
		{17C3DD2F-5D08-4023-84E4-02B278347D59}.Debug|iPhone.ActiveCfg = Debug|Any CPU
		{17C3DD2F-5D08-4023-84E4-02B278347D59}.Debug|iPhone.Build.0 = Debug|Any CPU
		{17C3DD2F-5D08-4023-84E4-02B278347D59}.Debug|iPhone.Deploy.0 = Debug|Any CPU
		{17C3DD2F-5D08-4023-84E4-02B278347D59}.Debug|iPhoneSimulator.ActiveCfg = Debug|Any CPU
		{17C3DD2F-5D08-4023-84E4-02B278347D59}.Debug|iPhoneSimulator.Build.0 = Debug|Any CPU
		{17C3DD2F-5D08-4023-84E4-02B278347D59}.Debug|iPhoneSimulator.Deploy.0 = Debug|Any CPU
		{17C3DD2F-5D08-4023-84E4-02B278347D59}.Debug|x64.ActiveCfg = Debug|Any CPU
		{17C3DD2F-5D08-4023-84E4-02B278347D59}.Debug|x64.Build.0 = Debug|Any CPU
		{17C3DD2F-5D08-4023-84E4-02B278347D59}.Debug|x64.Deploy.0 = Debug|Any CPU
		{17C3DD2F-5D08-4023-84E4-02B278347D59}.Debug|x86.ActiveCfg = Debug|Any CPU
		{17C3DD2F-5D08-4023-84E4-02B278347D59}.Debug|x86.Build.0 = Debug|Any CPU
		{17C3DD2F-5D08-4023-84E4-02B278347D59}.Debug|x86.Deploy.0 = Debug|Any CPU
		{17C3DD2F-5D08-4023-84E4-02B278347D59}.Release|Any CPU.ActiveCfg = Release|Any CPU
		{17C3DD2F-5D08-4023-84E4-02B278347D59}.Release|Any CPU.Build.0 = Release|Any CPU
		{17C3DD2F-5D08-4023-84E4-02B278347D59}.Release|Any CPU.Deploy.0 = Release|Any CPU
		{17C3DD2F-5D08-4023-84E4-02B278347D59}.Release|ARM.ActiveCfg = Release|Any CPU
		{17C3DD2F-5D08-4023-84E4-02B278347D59}.Release|ARM.Build.0 = Release|Any CPU
		{17C3DD2F-5D08-4023-84E4-02B278347D59}.Release|ARM.Deploy.0 = Release|Any CPU
		{17C3DD2F-5D08-4023-84E4-02B278347D59}.Release|iPhone.ActiveCfg = Release|Any CPU
		{17C3DD2F-5D08-4023-84E4-02B278347D59}.Release|iPhone.Build.0 = Release|Any CPU
		{17C3DD2F-5D08-4023-84E4-02B278347D59}.Release|iPhone.Deploy.0 = Release|Any CPU
		{17C3DD2F-5D08-4023-84E4-02B278347D59}.Release|iPhoneSimulator.ActiveCfg = Release|Any CPU
		{17C3DD2F-5D08-4023-84E4-02B278347D59}.Release|iPhoneSimulator.Build.0 = Release|Any CPU
		{17C3DD2F-5D08-4023-84E4-02B278347D59}.Release|iPhoneSimulator.Deploy.0 = Release|Any CPU
		{17C3DD2F-5D08-4023-84E4-02B278347D59}.Release|x64.ActiveCfg = Release|Any CPU
		{17C3DD2F-5D08-4023-84E4-02B278347D59}.Release|x64.Build.0 = Release|Any CPU
		{17C3DD2F-5D08-4023-84E4-02B278347D59}.Release|x64.Deploy.0 = Release|Any CPU
		{17C3DD2F-5D08-4023-84E4-02B278347D59}.Release|x86.ActiveCfg = Release|Any CPU
		{17C3DD2F-5D08-4023-84E4-02B278347D59}.Release|x86.Build.0 = Release|Any CPU
		{17C3DD2F-5D08-4023-84E4-02B278347D59}.Release|x86.Deploy.0 = Release|Any CPU
	EndGlobalSection
	GlobalSection(SolutionProperties) = preSolution
		HideSolutionNode = FALSE
	EndGlobalSection
	GlobalSection(ExtensibilityGlobals) = postSolution
		SolutionGuid = {1E0C63B6-29F7-4A8A-9704-5183E9FC836D}
	EndGlobalSection
EndGlobal
